
Microsoft Visual Studio Solution File, Format Version 12.00
# Visual Studio Version 17
VisualStudioVersion = 17.6.33801.468
MinimumVisualStudioVersion = 10.0.40219.1
Project("{FAE04EC0-301F-11D3-BF4B-00C04F79EFBC}") = "MoonPhaseCalc", "MoonPhaseCalc.csproj", "{1E85E6A1-FFBA-4E35-AE03-72B6EC763EBE}"
EndProject
Global
	GlobalSection(SolutionConfigurationPlatforms) = preSolution
		Debug|Any CPU = Debug|Any CPU
		Release|Any CPU = Release|Any CPU
	EndGlobalSection
	GlobalSection(ProjectConfigurationPlatforms) = postSolution
		{1E85E6A1-FFBA-4E35-AE03-72B6EC763EBE}.Debug|Any CPU.ActiveCfg = Debug|Any CPU
		{1E85E6A1-FFBA-4E35-AE03-72B6EC763EBE}.Debug|Any CPU.Build.0 = Debug|Any CPU
		{1E85E6A1-FFBA-4E35-AE03-72B6EC763EBE}.Release|Any CPU.ActiveCfg = Release|Any CPU
		{1E85E6A1-FFBA-4E35-AE03-72B6EC763EBE}.Release|Any CPU.Build.0 = Release|Any CPU
	EndGlobalSection
	GlobalSection(SolutionProperties) = preSolution
		HideSolutionNode = FALSE
	EndGlobalSection
	GlobalSection(ExtensibilityGlobals) = postSolution
		SolutionGuid = {F05E63E7-F18E-4CCD-96F8-543C770F18A8}
	EndGlobalSection
EndGlobal
